
Microsoft Visual Studio Solution File, Format Version 12.00
# Visual Studio Version 16
VisualStudioVersion = 16.0.30804.86
MinimumVisualStudioVersion = 10.0.40219.1
Project("{9A19103F-16F7-4668-BE54-9A1E7A4F7556}") = "DevIO.Data", "src\DevIO.Data\DevIO.Data.csproj", "{6E422916-2FC3-406D-BE68-60D421CEBE18}"
EndProject
Project("{9A19103F-16F7-4668-BE54-9A1E7A4F7556}") = "DevIO.Business", "src\DevIO.Business\DevIO.Business.csproj", "{01610044-DD7C-4E35-BE93-BA08FDC75AD3}"
EndProject
Project("{FAE04EC0-301F-11D3-BF4B-00C04F79EFBC}") = "DevIO.WebAPI", "src\DevIO.WebAPI\DevIO.WebAPI.csproj", "{BBD04726-0EB8-4C57-A934-D6E71812EBC6}"
EndProject
Global
	GlobalSection(SolutionConfigurationPlatforms) = preSolution
		Debug|Any CPU = Debug|Any CPU
		Release|Any CPU = Release|Any CPU
	EndGlobalSection
	GlobalSection(ProjectConfigurationPlatforms) = postSolution
		{6E422916-2FC3-406D-BE68-60D421CEBE18}.Debug|Any CPU.ActiveCfg = Debug|Any CPU
		{6E422916-2FC3-406D-BE68-60D421CEBE18}.Debug|Any CPU.Build.0 = Debug|Any CPU
		{6E422916-2FC3-406D-BE68-60D421CEBE18}.Release|Any CPU.ActiveCfg = Release|Any CPU
		{6E422916-2FC3-406D-BE68-60D421CEBE18}.Release|Any CPU.Build.0 = Release|Any CPU
		{01610044-DD7C-4E35-BE93-BA08FDC75AD3}.Debug|Any CPU.ActiveCfg = Debug|Any CPU
		{01610044-DD7C-4E35-BE93-BA08FDC75AD3}.Debug|Any CPU.Build.0 = Debug|Any CPU
		{01610044-DD7C-4E35-BE93-BA08FDC75AD3}.Release|Any CPU.ActiveCfg = Release|Any CPU
		{01610044-DD7C-4E35-BE93-BA08FDC75AD3}.Release|Any CPU.Build.0 = Release|Any CPU
		{BBD04726-0EB8-4C57-A934-D6E71812EBC6}.Debug|Any CPU.ActiveCfg = Debug|Any CPU
		{BBD04726-0EB8-4C57-A934-D6E71812EBC6}.Debug|Any CPU.Build.0 = Debug|Any CPU
		{BBD04726-0EB8-4C57-A934-D6E71812EBC6}.Release|Any CPU.ActiveCfg = Release|Any CPU
		{BBD04726-0EB8-4C57-A934-D6E71812EBC6}.Release|Any CPU.Build.0 = Release|Any CPU
	EndGlobalSection
	GlobalSection(SolutionProperties) = preSolution
		HideSolutionNode = FALSE
	EndGlobalSection
	GlobalSection(ExtensibilityGlobals) = postSolution
		SolutionGuid = {3B9D24B8-D02C-48D9-8645-0A0A50E8FD4B}
	EndGlobalSection
EndGlobal
